github.com/golang/protobuf v1.5.2 h1:ROPKBNFfQgOUMifHyP+KYbvpjbdoFNs+aK7DXlji0Tw=
github.com/klauspost/compress v1.15.7 h1:7cgTQxJCU/vy+oP/E3B9RGbQTgbiVzIJWIKOLoAsPok=
github.com/klauspost/compress v1.15.7/go.mod h1:PhcZ0MbTNciWF3rruxRgKxI5NkcHHrHUDtV4Yw2GlzU=
github.com/matthieutran/crypto v0.0.0-20220629213716-a9ff3b9a8ab5 h1:Ah8I2PK4Jy+PnwfWh/L1N6lrunkftgUEJUkEN18xIsM=
github.com/matthieutran/crypto v0.0.0-20220629213716-a9ff3b9a8ab5/go.mod h1:xGgQK4NUnV7GxWqBICQUr+byCChHrzfWjXzEjHDTE6U=
github.com/matthieutran/crypto v0.0.0-20220629215220-447e2f38fe08 h1:zCwIfzlfHKXbxGKOANvaBpRhNd3CaJRILvh7OGLSMug=
github.com/matthieutran/crypto v0.0.0-20220629215220-447e2f38fe08/go.mod h1:xGgQK4NUnV7GxWqBICQUr+byCChHrzfWjXzEjHDTE6U=
github.com/matthieutran/crypto v0.0.0-20220629224542-0374a4bc5609 h1:pVNJUWx0Q+QPGZ5YGLH0ZWxevOftlloBq3I9lcVmeoA=
github.com/matthieutran/crypto v0.0.0-20220629224542-0374a4bc5609/go.mod h1:xGgQK4NUnV7GxWqBICQUr+byCChHrzfWjXzEjHDTE6U=
github.com/matthieutran/crypto v0.0.0-20220629224902-f744e054fbc2 h1:sXGTOub3x1mmb8qdL1EepjbYOTIZYBTpRp8bp3X9hLk=
github.com/matthieutran/crypto v0.0.0-20220629224902-f744e054fbc2/go.mod h1:xGgQK4NUnV7GxWqBICQUr+byCChHrzfWjXzEjHDTE6U=
github.com/matthieutran/crypto v0.0.0-20220629225111-893943ba2647 h1:7GQ2o/HJ78xWXp6xsS3HB0eoQx3XFQF0y4OD8/pVQYQ=
github.com/matthieutran/crypto v0.0.0-20220629225111-893943ba2647/go.mod h1:xGgQK4NUnV7GxWqBICQUr+byCChHrzfWjXzEjHDTE6U=
github.com/matthieutran/duey v0.0.0-20220628111516-ce0cd3c6d1bc h1:4QcNUkTMPOV21JH3bNvZXPVylh0B6M0O8jqFhgwwHi8=
github.com/matthieutran/duey v0.0.0-20220628111516-ce0cd3c6d1bc/go.mod h1:ezspczYd7CKqn64RZoHfyuEOoLNHqOO6Pj0ozoqrJvM=
github.com/matthieutran/packet v0.0.0-20220624154820-ed9619a858fc h1:NYDVMPUPaIUUVJEQOe+wRPFP4vRMJsYfoXbzLAmRtnA=
github.com/matthieutran/packet v0.0.0-20220624154820-ed9619a858fc/go.mod h1:s4VTZcSDUqG8TYeUDxHeYjR2h72DyWhZi2/xh6PZX48=
github.com/matthieutran/tcpserve v0.1.5-0.20220629214829-d833ee3cc370 h1:TY1d6fmzHLuhjOeHJjrIpJhZa80oRg0vrqc1D7mhguA=
github.com/matthieutran/tcpserve v0.1.5-0.20220629214829-d833ee3cc370/go.mod h1:BNvDTlVVnLtCFBcXa4MhH/Y7VEG+Nj8TVelHUa5DFp4=
github.com/matthieutran/tcpserve v0.1.5-0.20220629215529-f29a9f309901 h1:ZNeup6+DHLme4mfzZYVdiE411vRmPHyOlDXzVwqOivo=
github.com/matthieutran/tcpserve v0.1.5-0.20220629215529-f29a9f309901/go.mod h1:BNvDTlVVnLtCFBcXa4MhH/Y7VEG+Nj8TVelHUa5DFp4=
github.com/matthieutran/tcpserve v0.1.5-0.20220629221515-70bdbe043452 h1:xcIICbuQ67Z+Ru8II56sobVTo8L9FsWzHqSZGMG7sTs=
github.com/matthieutran/tcpserve v0.1.5-0.20220629221515-70bdbe043452/go.mod h1:BNvDTlVVnLtCFBcXa4MhH/Y7VEG+Nj8TVelHUa5DFp4=
github.com/matthieutran/tcpserve v0.1.5-0.20220629221928-ede56b9040ae h1:dKWkZlohimblZIrafXSV/4ZlCJiuTBi0YLB7wZDaNwI=
github.com/matthieutran/tcpserve v0.1.5-0.20220629221928-ede56b9040ae/go.mod h1:BNvDTlVVnLtCFBcXa4MhH/Y7VEG+Nj8TVelHUa5DFp4=
github.com/matthieutran/tcpserve v0.1.5-0.20220629225929-dc089af10232 h1:TDVKRwajAJz2RAgK0ORbzeCHQqzEdIf3o32Ym3bARVU=
github.com/matthieutran/tcpserve v0.1.5-0.20220629225929-dc089af10232/go.mod h1:BNvDTlVVnLtCFBcXa4MhH/Y7VEG+Nj8TVelHUa5DFp4=
github.com/matthieutran/tcpserve v0.1.5-0.20220629230535-b5b927e9aac9 h1:gXbDOQU4edac4DbUSzCckOdL0Zl3pFNRKA8/Ydod6JE=
github.com/matthieutran/tcpserve v0.1.5-0.20220629230535-b5b927e9aac9/go.mod h1:BNvDTlVVnLtCFBcXa4MhH/Y7VEG+Nj8TVelHUa5DFp4=
github.com/minio/highwayhash v1.0.2 h1:Aak5U0nElisjDCfPSG79Tgzkn2gl66NxOMspRrKnA/g=
github.com/minio/highwayhash v1.0.2/go.mod h1:BQskDq+xkJ12lmlUUi7U0M5Swg3EWR+dLTk+kldvVxY=
github.com/nats-io/jwt/v2 v2.3.0 h1:z2mA1a7tIf5ShggOFlR1oBPgd6hGqcDYsISxZByUzdI=
github.com/nats-io/jwt/v2 v2.3.0/go.mod h1:0tqz9Hlu6bCBFLWAASKhE5vUA4c24L9KPUUgvwumE/k=
github.com/nats-io/nats-server/v2 v2.8.4 h1:0jQzze1T9mECg8YZEl8+WYUXb9JKluJfCBriPUtluB4=
github.com/nats-io/nats.go v1.16.0 h1:zvLE7fGBQYW6MWaFaRdsgm9qT39PJDQoju+DS8KsO1g=
github.com/nats-io/nats.go v1.16.0/go.mod h1:BPko4oXsySz4aSWeFgOHLZs3G4Jq4ZAyE6/zMCxRT6w=
github.com/nats-io/nkeys v0.3.0 h1:cgM5tL53EvYRU+2YLXIK0G2mJtK12Ft9oeooSZMA2G8=
github.com/nats-io/nkeys v0.3.0/go.mod h1:gvUNGjVcM2IPr5rCsRsC6Wb3Hr2CQAm08dsxtV6A5y4=
github.com/nats-io/nuid v1.0.1 h1:5iA8DT8V7q8WK2EScv2padNa/rTESc1KdnPw4TC2paw=
github.com/nats-io/nuid v1.0.1/go.mod h1:19wcPz3Ph3q0Jbyiqsd0kePYG7A95tJPxeL+1OSON2c=
golang.org/x/crypto v0.0.0-20210314154223-e6e6c4f2bb5b/go.mod h1:T9bdIzuCu7OtxOm1hfPfRQxPLYneinmdGuTeoZ9dtd4=
golang.org/x/crypto v0.0.0-20220315160706-3147a52a75dd h1:XcWmESyNjXJMLahc3mqVQJcgSTDxFxhETVlfk9uGc38=
golang.org/x/crypto v0.0.0-20220315160706-3147a52a75dd/go.mod h1:IxCIyHEi3zRg3s0A5j5BB6A9Jmi73HwBIUl50j+osU4=
golang.org/x/net v0.0.0-20210226172049-e18ecbb05110/go.mod h1:m0MpNAwzfU5UDzcl9v0D8zg8gWTRqZa9RBIspLL5mdg=
golang.org/x/sys v0.0.0-20190130150945-aca44879d564/go.mod h1:STP8DvDyc/dI5b8T5hshtkjS+E42TnysNCUPdjciGhY=
golang.org/x/sys v0.0.0-20201119102817-f84b799fce68/go.mod h1:h1NjWce9XRLGQEsW7wpKNCjG9DtNlClVuFLEZdDNbEs=
golang.org/x/sys v0.0.0-20210615035016-665e8c7367d1 h1:SrN+KX8Art/Sf4HNj6Zcz06G7VEz+7w9tdXTPOZ7+l4=
golang.org/x/term v0.0.0-20201126162022-7de9c90e9dd1/go.mod h1:bj7SfCRtBDWHUb9snDiAeCFNEtKQo2Wmx5Cou7ajbmo=
golang.org/x/text v0.3.3/go.mod h1:5Zoc/QRtKVWzQhOtBMvqHzDpF6irO9z98xDceosuGiQ=
golang.org/x/time v0.0.0-20220609170525-579cf78fd858 h1:Dpdu/EMxGMFgq0CeYMh4fazTD2vtlZRYE7wyynxJb9U=
golang.org/x/time v0.0.0-20220609170525-579cf78fd858/go.mod h1:tRJNPiyCQ0inRvYxbN9jk5I+vvW/OXSQhTDSoE431IQ=
golang.org/x/tools v0.0.0-20180917221912-90fa682c2a6e/go.mod h1:n7NCudcB/nEzxVGmLbDWY5pfWTLqBcC2KZ6jyYvM4mQ=
google.golang.org/protobuf v1.28.0 h1:w43yiav+6bVFTBQFZX0r7ipe9JQ1QsbMgHwbBziscLw=
